// !$*UTF8*$!
{
	archiveVersion = 1;
	classes = {
	};
	objectVersion = 46;
	objects = {

/* Begin PBXBuildFile section */
		2846978319B2989D00D0C09C /* Foundation.framework in Frameworks */ = {isa = PBXBuildFile; fileRef = 2846978219B2989D00D0C09C /* Foundation.framework */; };
		2846978519B2989D00D0C09C /* CoreGraphics.framework in Frameworks */ = {isa = PBXBuildFile; fileRef = 2846978419B2989D00D0C09C /* CoreGraphics.framework */; };
		2846978719B2989D00D0C09C /* UIKit.framework in Frameworks */ = {isa = PBXBuildFile; fileRef = 2846978619B2989D00D0C09C /* UIKit.framework */; };
		2846978D19B2989D00D0C09C /* InfoPlist.strings in Resources */ = {isa = PBXBuildFile; fileRef = 2846978B19B2989D00D0C09C /* InfoPlist.strings */; };
		2846978F19B2989D00D0C09C /* main.m in Sources */ = {isa = PBXBuildFile; fileRef = 2846978E19B2989D00D0C09C /* main.m */; };
		2846979319B2989D00D0C09C /* AppDelegate.m in Sources */ = {isa = PBXBuildFile; fileRef = 2846979219B2989D00D0C09C /* AppDelegate.m */; };
		2846979619B2989D00D0C09C /* Main.storyboard in Resources */ = {isa = PBXBuildFile; fileRef = 2846979419B2989D00D0C09C /* Main.storyboard */; };
		2846979B19B2989D00D0C09C /* Images.xcassets in Resources */ = {isa = PBXBuildFile; fileRef = 2846979A19B2989D00D0C09C /* Images.xcassets */; };
		284697A219B2989D00D0C09C /* XCTest.framework in Frameworks */ = {isa = PBXBuildFile; fileRef = 284697A119B2989D00D0C09C /* XCTest.framework */; };
		284697A319B2989D00D0C09C /* Foundation.framework in Frameworks */ = {isa = PBXBuildFile; fileRef = 2846978219B2989D00D0C09C /* Foundation.framework */; };
		284697A419B2989D00D0C09C /* UIKit.framework in Frameworks */ = {isa = PBXBuildFile; fileRef = 2846978619B2989D00D0C09C /* UIKit.framework */; };
		284697AC19B2989D00D0C09C /* InfoPlist.strings in Resources */ = {isa = PBXBuildFile; fileRef = 284697AA19B2989D00D0C09C /* InfoPlist.strings */; };
		284697AE19B2989D00D0C09C /* TinderTests.m in Sources */ = {isa = PBXBuildFile; fileRef = 284697AD19B2989D00D0C09C /* TinderTests.m */; };
		284697B919B2996900D0C09C /* RGViewController.m in Sources */ = {isa = PBXBuildFile; fileRef = 284697B819B2996900D0C09C /* RGViewController.m */; };
/* End PBXBuildFile section */

/* Begin PBXContainerItemProxy section */
		284697A519B2989D00D0C09C /* PBXContainerItemProxy */ = {
			isa = PBXContainerItemProxy;
			containerPortal = 2846977719B2989D00D0C09C /* Project object */;
			proxyType = 1;
			remoteGlobalIDString = 2846977E19B2989D00D0C09C;
			remoteInfo = Tinder;
		};
/* End PBXContainerItemProxy section */

/* Begin PBXFileReference section */
		2846977F19B2989D00D0C09C /* Tinder.app */ = {isa = PBXFileReference; explicitFileType = wrapper.application; includeInIndex = 0; path = Tinder.app; sourceTree = BUILT_PRODUCTS_DIR; };
		2846978219B2989D00D0C09C /* Foundation.framework */ = {isa = PBXFileReference; lastKnownFileType = wrapper.framework; name = Foundation.framework; path = System/Library/Frameworks/Foundation.framework; sourceTree = SDKROOT; };
		2846978419B2989D00D0C09C /* CoreGraphics.framework */ = {isa = PBXFileReference; lastKnownFileType = wrapper.framework; name = CoreGraphics.framework; path = System/Library/Frameworks/CoreGraphics.framework; sourceTree = SDKROOT; };
		2846978619B2989D00D0C09C /* UIKit.framework */ = {isa = PBXFileReference; lastKnownFileType = wrapper.framework; name = UIKit.framework; path = System/Library/Frameworks/UIKit.framework; sourceTree = SDKROOT; };
		2846978A19B2989D00D0C09C /* Tinder-Info.plist */ = {isa = PBXFileReference; lastKnownFileType = text.plist.xml; path = "Tinder-Info.plist"; sourceTree = "<group>"; };
		2846978C19B2989D00D0C09C /* en */ = {isa = PBXFileReference; lastKnownFileType = text.plist.strings; name = en; path = en.lproj/InfoPlist.strings; sourceTree = "<group>"; };
		2846978E19B2989D00D0C09C /* main.m */ = {isa = PBXFileReference; lastKnownFileType = sourcecode.c.objc; path = main.m; sourceTree = "<group>"; };
		2846979019B2989D00D0C09C /* Tinder-Prefix.pch */ = {isa = PBXFileReference; lastKnownFileType = sourcecode.c.h; path = "Tinder-Prefix.pch"; sourceTree = "<group>"; };
		2846979119B2989D00D0C09C /* AppDelegate.h */ = {isa = PBXFileReference; lastKnownFileType = sourcecode.c.h; path = AppDelegate.h; sourceTree = "<group>"; };
		2846979219B2989D00D0C09C /* AppDelegate.m */ = {isa = PBXFileReference; lastKnownFileType = sourcecode.c.objc; path = AppDelegate.m; sourceTree = "<group>"; };
		2846979519B2989D00D0C09C /* Base */ = {isa = PBXFileReference; lastKnownFileType = file.storyboard; name = Base; path = Base.lproj/Main.storyboard; sourceTree = "<group>"; };
		2846979A19B2989D00D0C09C /* Images.xcassets */ = {isa = PBXFileReference; lastKnownFileType = folder.assetcatalog; path = Images.xcassets; sourceTree = "<group>"; };
		284697A019B2989D00D0C09C /* TinderTests.xctest */ = {isa = PBXFileReference; explicitFileType = wrapper.cfbundle; includeInIndex = 0; path = TinderTests.xctest; sourceTree = BUILT_PRODUCTS_DIR; };
		284697A119B2989D00D0C09C /* XCTest.framework */ = {isa = PBXFileReference; lastKnownFileType = wrapper.framework; name = XCTest.framework; path = Library/Frameworks/XCTest.framework; sourceTree = DEVELOPER_DIR; };
		284697A919B2989D00D0C09C /* TinderTests-Info.plist */ = {isa = PBXFileReference; lastKnownFileType = text.plist.xml; path = "TinderTests-Info.plist"; sourceTree = "<group>"; };
		284697AB19B2989D00D0C09C /* en */ = {isa = PBXFileReference; lastKnownFileType = text.plist.strings; name = en; path = en.lproj/InfoPlist.strings; sourceTree = "<group>"; };
		284697AD19B2989D00D0C09C /* TinderTests.m */ = {isa = PBXFileReference; lastKnownFileType = sourcecode.c.objc; path = TinderTests.m; sourceTree = "<group>"; };
		284697B719B2996900D0C09C /* RGViewController.h */ = {isa = PBXFileReference; fileEncoding = 4; lastKnownFileType = sourcecode.c.h; path = RGViewController.h; sourceTree = "<group>"; };
		284697B819B2996900D0C09C /* RGViewController.m */ = {isa = PBXFileReference; fileEncoding = 4; lastKnownFileType = sourcecode.c.objc; path = RGViewController.m; sourceTree = "<group>"; };
/* End PBXFileReference section */

/* Begin PBXFrameworksBuildPhase section */
		2846977C19B2989D00D0C09C /* Frameworks */ = {
			isa = PBXFrameworksBuildPhase;
			buildActionMask = 2147483647;
			files = (
				2846978519B2989D00D0C09C /* CoreGraphics.framework in Frameworks */,
				2846978719B2989D00D0C09C /* UIKit.framework in Frameworks */,
				2846978319B2989D00D0C09C /* Foundation.framework in Frameworks */,
			);
			runOnlyForDeploymentPostprocessing = 0;
		};
		2846979D19B2989D00D0C09C /* Frameworks */ = {
			isa = PBXFrameworksBuildPhase;
			buildActionMask = 2147483647;
			files = (
				284697A219B2989D00D0C09C /* XCTest.framework in Frameworks */,
				284697A419B2989D00D0C09C /* UIKit.framework in Frameworks */,
				284697A319B2989D00D0C09C /* Foundation.framework in Frameworks */,
			);
			runOnlyForDeploymentPostprocessing = 0;
		};
/* End PBXFrameworksBuildPhase section */

/* Begin PBXGroup section */
		2846977619B2989D00D0C09C = {
			isa = PBXGroup;
			children = (
				2846978819B2989D00D0C09C /* Tinder */,
				284697A719B2989D00D0C09C /* TinderTests */,
				2846978119B2989D00D0C09C /* Frameworks */,
				2846978019B2989D00D0C09C /* Products */,
			);
			sourceTree = "<group>";
		};
		2846978019B2989D00D0C09C /* Products */ = {
			isa = PBXGroup;
			children = (
				2846977F19B2989D00D0C09C /* Tinder.app */,
				284697A019B2989D00D0C09C /* TinderTests.xctest */,
			);
			name = Products;
			sourceTree = "<group>";
		};
		2846978119B2989D00D0C09C /* Frameworks */ = {
			isa = PBXGroup;
			children = (
				2846978219B2989D00D0C09C /* Foundation.framework */,
				2846978419B2989D00D0C09C /* CoreGraphics.framework */,
				2846978619B2989D00D0C09C /* UIKit.framework */,
				284697A119B2989D00D0C09C /* XCTest.framework */,
			);
			name = Frameworks;
			sourceTree = "<group>";
		};
		2846978819B2989D00D0C09C /* Tinder */ = {
			isa = PBXGroup;
			children = (
				2846979119B2989D00D0C09C /* AppDelegate.h */,
				2846979219B2989D00D0C09C /* AppDelegate.m */,
				2846979419B2989D00D0C09C /* Main.storyboard */,
				284697B719B2996900D0C09C /* RGViewController.h */,
				284697B819B2996900D0C09C /* RGViewController.m */,
				2846979A19B2989D00D0C09C /* Images.xcassets */,
				2846978919B2989D00D0C09C /* Supporting Files */,
			);
			path = Tinder;
			sourceTree = "<group>";
		};
		2846978919B2989D00D0C09C /* Supporting Files */ = {
			isa = PBXGroup;
			children = (
				2846978A19B2989D00D0C09C /* Tinder-Info.plist */,
				2846978B19B2989D00D0C09C /* InfoPlist.strings */,
				2846978E19B2989D00D0C09C /* main.m */,
				2846979019B2989D00D0C09C /* Tinder-Prefix.pch */,
			);
			name = "Supporting Files";
			sourceTree = "<group>";
		};
		284697A719B2989D00D0C09C /* TinderTests */ = {
			isa = PBXGroup;
			children = (
				284697AD19B2989D00D0C09C /* TinderTests.m */,
				284697A819B2989D00D0C09C /* Supporting Files */,
			);
			path = TinderTests;
			sourceTree = "<group>";
		};
		284697A819B2989D00D0C09C /* Supporting Files */ = {
			isa = PBXGroup;
			children = (
				284697A919B2989D00D0C09C /* TinderTests-Info.plist */,
				284697AA19B2989D00D0C09C /* InfoPlist.strings */,
			);
			name = "Supporting Files";
			sourceTree = "<group>";
		};
/* End PBXGroup section */

/* Begin PBXNativeTarget section */
		2846977E19B2989D00D0C09C /* Tinder */ = {
			isa = PBXNativeTarget;
			buildConfigurationList = 284697B119B2989D00D0C09C /* Build configuration list for PBXNativeTarget "Tinder" */;
			buildPhases = (
				2846977B19B2989D00D0C09C /* Sources */,
				2846977C19B2989D00D0C09C /* Frameworks */,
				2846977D19B2989D00D0C09C /* Resources */,
			);
			buildRules = (
			);
			dependencies = (
			);
			name = Tinder;
			productName = Tinder;
			productReference = 2846977F19B2989D00D0C09C /* Tinder.app */;
			productType = "com.apple.product-type.application";
		};
		2846979F19B2989D00D0C09C /* TinderTests */ = {
			isa = PBXNativeTarget;
			buildConfigurationList = 284697B419B2989D00D0C09C /* Build configuration list for PBXNativeTarget "TinderTests" */;
			buildPhases = (
				2846979C19B2989D00D0C09C /* Sources */,
				2846979D19B2989D00D0C09C /* Frameworks */,
				2846979E19B2989D00D0C09C /* Resources */,
			);
			buildRules = (
			);
			dependencies = (
				284697A619B2989D00D0C09C /* PBXTargetDependency */,
			);
			name = TinderTests;
			productName = TinderTests;
			productReference = 284697A019B2989D00D0C09C /* TinderTests.xctest */;
			productType = "com.apple.product-type.bundle.unit-test";
		};
/* End PBXNativeTarget section */

/* Begin PBXProject section */
		2846977719B2989D00D0C09C /* Project object */ = {
			isa = PBXProject;
			attributes = {
				LastUpgradeCheck = 0510;
				ORGANIZATIONNAME = EnterWithBoldness;
				TargetAttributes = {
					2846979F19B2989D00D0C09C = {
						TestTargetID = 2846977E19B2989D00D0C09C;
					};
				};
			};
			buildConfigurationList = 2846977A19B2989D00D0C09C /* Build configuration list for PBXProject "Tinder" */;
			compatibilityVersion = "Xcode 3.2";
			developmentRegion = English;
			hasScannedForEncodings = 0;
			knownRegions = (
				en,
				Base,
			);
			mainGroup = 2846977619B2989D00D0C09C;
			productRefGroup = 2846978019B2989D00D0C09C /* Products */;
			projectDirPath = "";
			projectRoot = "";
			targets = (
				2846977E19B2989D00D0C09C /* Tinder */,
				2846979F19B2989D00D0C09C /* TinderTests */,
			);
		};
/* End PBXProject section */

/* Begin PBXResourcesBuildPhase section */
		2846977D19B2989D00D0C09C /* Resources */ = {
			isa = PBXResourcesBuildPhase;
			buildActionMask = 2147483647;
			files = (
				2846979B19B2989D00D0C09C /* Images.xcassets in Resources */,
				2846978D19B2989D00D0C09C /* InfoPlist.strings in Resources */,
				2846979619B2989D00D0C09C /* Main.storyboard in Resources */,
			);
			runOnlyForDeploymentPostprocessing = 0;
		};
		2846979E19B2989D00D0C09C /* Resources */ = {
			isa = PBXResourcesBuildPhase;
			buildActionMask = 2147483647;
			files = (
				284697AC19B2989D00D0C09C /* InfoPlist.strings in Resources */,
			);
			runOnlyForDeploymentPostprocessing = 0;
		};
/* End PBXResourcesBuildPhase section */

/* Begin PBXSourcesBuildPhase section */
		2846977B19B2989D00D0C09C /* Sources */ = {
			isa = PBXSourcesBuildPhase;
			buildActionMask = 2147483647;
			files = (
				284697B919B2996900D0C09C /* RGViewController.m in Sources */,
				2846979319B2989D00D0C09C /* AppDelegate.m in Sources */,
				2846978F19B2989D00D0C09C /* main.m in Sources */,
			);
			runOnlyForDeploymentPostprocessing = 0;
		};
		2846979C19B2989D00D0C09C /* Sources */ = {
			isa = PBXSourcesBuildPhase;
			buildActionMask = 2147483647;
			files = (
				284697AE19B2989D00D0C09C /* TinderTests.m in Sources */,
			);
			runOnlyForDeploymentPostprocessing = 0;
		};
/* End PBXSourcesBuildPhase section */

/* Begin PBXTargetDependency section */
		284697A619B2989D00D0C09C /* PBXTargetDependency */ = {
			isa = PBXTargetDependency;
			target = 2846977E19B2989D00D0C09C /* Tinder */;
			targetProxy = 284697A519B2989D00D0C09C /* PBXContainerItemProxy */;
		};
/* End PBXTargetDependency section */

/* Begin PBXVariantGroup section */
		2846978B19B2989D00D0C09C /* InfoPlist.strings */ = {
			isa = PBXVariantGroup;
			children = (
				2846978C19B2989D00D0C09C /* en */,
			);
			name = InfoPlist.strings;
			sourceTree = "<group>";
		};
		2846979419B2989D00D0C09C /* Main.storyboard */ = {
			isa = PBXVariantGroup;
			children = (
				2846979519B2989D00D0C09C /* Base */,
			);
			name = Main.storyboard;
			sourceTree = "<group>";
		};
		284697AA19B2989D00D0C09C /* InfoPlist.strings */ = {
			isa = PBXVariantGroup;
			children = (
				284697AB19B2989D00D0C09C /* en */,
			);
			name = InfoPlist.strings;
			sourceTree = "<group>";
		};
/* End PBXVariantGroup section */

/* Begin XCBuildConfiguration section */
		284697AF19B2989D00D0C09C /* Debug */ = {
			isa = XCBuildConfiguration;
			buildSettings = {
				ALWAYS_SEARCH_USER_PATHS = NO;
				CLANG_CXX_LANGUAGE_STANDARD = "gnu++0x";
				CLANG_CXX_LIBRARY = "libc++";
				CLANG_ENABLE_MODULES = YES;
				CLANG_ENABLE_OBJC_ARC = YES;
				CLANG_WARN_BOOL_CONVERSION = YES;
				CLANG_WARN_CONSTANT_CONVERSION = YES;
				CLANG_WARN_DIRECT_OBJC_ISA_USAGE = YES_ERROR;
				CLANG_WARN_EMPTY_BODY = YES;
				CLANG_WARN_ENUM_CONVERSION = YES;
				CLANG_WARN_INT_CONVERSION = YES;
				CLANG_WARN_OBJC_ROOT_CLASS = YES_ERROR;
				CLANG_WARN__DUPLICATE_METHOD_MATCH = YES;
				"CODE_SIGN_IDENTITY[sdk=iphoneos*]" = "iPhone Developer";
				COPY_PHASE_STRIP = NO;
				GCC_C_LANGUAGE_STANDARD = gnu99;
				GCC_DYNAMIC_NO_PIC = NO;
				GCC_OPTIMIZATION_LEVEL = 0;
				GCC_PREPROCESSOR_DEFINITIONS = (
					"DEBUG=1",
					"$(inherited)",
				);
				GCC_SYMBOLS_PRIVATE_EXTERN = NO;
				GCC_WARN_64_TO_32_BIT_CONVERSION = YES;
				GCC_WARN_ABOUT_RETURN_TYPE = YES_ERROR;
				GCC_WARN_UNDECLARED_SELECTOR = YES;
				GCC_WARN_UNINITIALIZED_AUTOS = YES_AGGRESSIVE;
				GCC_WARN_UNUSED_FUNCTION = YES;
				GCC_WARN_UNUSED_VARIABLE = YES;
				IPHONEOS_DEPLOYMENT_TARGET = 7.1;
				ONLY_ACTIVE_ARCH = YES;
				SDKROOT = iphoneos;
			};
			name = Debug;
		};
		284697B019B2989D00D0C09C /* Release */ = {
			isa = XCBuildConfiguration;
			buildSettings = {
				ALWAYS_SEARCH_USER_PATHS = NO;
				CLANG_CXX_LANGUAGE_STANDARD = "gnu++0x";
				CLANG_CXX_LIBRARY = "libc++";
				CLANG_ENABLE_MODULES = YES;
				CLANG_ENABLE_OBJC_ARC = YES;
				CLANG_WARN_BOOL_CONVERSION = YES;
				CLANG_WARN_CONSTANT_CONVERSION = YES;
				CLANG_WARN_DIRECT_OBJC_ISA_USAGE = YES_ERROR;
				CLANG_WARN_EMPTY_BODY = YES;
				CLANG_WARN_ENUM_CONVERSION = YES;
				CLANG_WARN_INT_CONVERSION = YES;
				CLANG_WARN_OBJC_ROOT_CLASS = YES_ERROR;
				CLANG_WARN__DUPLICATE_METHOD_MATCH = YES;
				"CODE_SIGN_IDENTITY[sdk=iphoneos*]" = "iPhone Developer";
				COPY_PHASE_STRIP = YES;
				ENABLE_NS_ASSERTIONS = NO;
				GCC_C_LANGUAGE_STANDARD = gnu99;
				GCC_WARN_64_TO_32_BIT_CONVERSION = YES;
				GCC_WARN_ABOUT_RETURN_TYPE = YES_ERROR;
				GCC_WARN_UNDECLARED_SELECTOR = YES;
				GCC_WARN_UNINITIALIZED_AUTOS = YES_AGGRESSIVE;
				GCC_WARN_UNUSED_FUNCTION = YES;
				GCC_WARN_UNUSED_VARIABLE = YES;
				IPHONEOS_DEPLOYMENT_TARGET = 7.1;
				SDKROOT = iphoneos;
				VALIDATE_PRODUCT = YES;
			};
			name = Release;
		};
		284697B219B2989D00D0C09C /* Debug */ = {
			isa = XCBuildConfiguration;
			buildSettings = {
				ASSETCATALOG_COMPILER_APPICON_NAME = AppIcon;
				ASSETCATALOG_COMPILER_LAUNCHIMAGE_NAME = LaunchImage;
				GCC_PRECOMPILE_PREFIX_HEADER = YES;
				GCC_PREFIX_HEADER = "Tinder/Tinder-Prefix.pch";
				INFOPLIST_FILE = "Tinder/Tinder-Info.plist";
				PRODUCT_NAME = "$(TARGET_NAME)";
				WRAPPER_EXTENSION = app;
			};
			name = Debug;
		};
		284697B319B2989D00D0C09C /* Release */ = {
			isa = XCBuildConfiguration;
			buildSettings = {
				ASSETCATALOG_COMPILER_APPICON_NAME = AppIcon;
				ASSETCATALOG_COMPILER_LAUNCHIMAGE_NAME = LaunchImage;
				GCC_PRECOMPILE_PREFIX_HEADER = YES;
				GCC_PREFIX_HEADER = "Tinder/Tinder-Prefix.pch";
				INFOPLIST_FILE = "Tinder/Tinder-Info.plist";
				PRODUCT_NAME = "$(TARGET_NAME)";
				WRAPPER_EXTENSION = app;
			};
			name = Release;
		};
		284697B519B2989D00D0C09C /* Debug */ = {
			isa = XCBuildConfiguration;
			buildSettings = {
				BUNDLE_LOADER = "$(BUILT_PRODUCTS_DIR)/Tinder.app/Tinder";
				FRAMEWORK_SEARCH_PATHS = (
					"$(SDKROOT)/Developer/Library/Frameworks",
					"$(inherited)",
					"$(DEVELOPER_FRAMEWORKS_DIR)",
				);
				GCC_PRECOMPILE_PREFIX_HEADER = YES;
				GCC_PREFIX_HEADER = "Tinder/Tinder-Prefix.pch";
				GCC_PREPROCESSOR_DEFINITIONS = (
					"DEBUG=1",
					"$(inherited)",
				);
				INFOPLIST_FILE = "TinderTests/TinderTests-Info.plist";
				PRODUCT_NAME = "$(TARGET_NAME)";
				TEST_HOST = "$(BUNDLE_LOADER)";
				WRAPPER_EXTENSION = xctest;
			};
			name = Debug;
		};
		284697B619B2989D00D0C09C /* Release */ = {
			isa = XCBuildConfiguration;
			buildSettings = {
				BUNDLE_LOADER = "$(BUILT_PRODUCTS_DIR)/Tinder.app/Tinder";
				FRAMEWORK_SEARCH_PATHS = (
					"$(SDKROOT)/Developer/Library/Frameworks",
					"$(inherited)",
					"$(DEVELOPER_FRAMEWORKS_DIR)",
				);
				GCC_PRECOMPILE_PREFIX_HEADER = YES;
				GCC_PREFIX_HEADER = "Tinder/Tinder-Prefix.pch";
				INFOPLIST_FILE = "TinderTests/TinderTests-Info.plist";
				PRODUCT_NAME = "$(TARGET_NAME)";
				TEST_HOST = "$(BUNDLE_LOADER)";
				WRAPPER_EXTENSION = xctest;
			};
			name = Release;
		};
/* End XCBuildConfiguration section */

/* Begin XCConfigurationList section */
		2846977A19B2989D00D0C09C /* Build configuration list for PBXProject "Tinder" */ = {
			isa = XCConfigurationList;
			buildConfigurations = (
				284697AF19B2989D00D0C09C /* Debug */,
				284697B019B2989D00D0C09C /* Release */,
			);
			defaultConfigurationIsVisible = 0;
			defaultConfigurationName = Release;
		};
		284697B119B2989D00D0C09C /* Build configuration list for PBXNativeTarget "Tinder" */ = {
			isa = XCConfigurationList;
			buildConfigurations = (
				284697B219B2989D00D0C09C /* Debug */,
				284697B319B2989D00D0C09C /* Release */,
			);
			defaultConfigurationIsVisible = 0;
		};
		284697B419B2989D00D0C09C /* Build configuration list for PBXNativeTarget "TinderTests" */ = {
			isa = XCConfigurationList;
			buildConfigurations = (
				284697B519B2989D00D0C09C /* Debug */,
				284697B619B2989D00D0C09C /* Release */,
			);
			defaultConfigurationIsVisible = 0;
		};
/* End XCConfigurationList section */
	};
	rootObject = 2846977719B2989D00D0C09C /* Project object */;
}
